PODS:
  - ModelTransformer (1.0.0-alpha-4)
  - ResourceMapper (0.1)
  - ReUnionModel (0.0.1)

DEPENDENCIES:
  - ModelTransformer (from `../ModelTransformer/ModelTransformer.podspec`)
  - ResourceMapper (from `../ResourceMapper/ResourceMapper.podspec`)
  - ReUnionModel (from `ReUnionModel.podspec`)

EXTERNAL SOURCES:
  ModelTransformer:
    :path: ../ModelTransformer/ModelTransformer.podspec
  ResourceMapper:
    :path: ../ResourceMapper/ResourceMapper.podspec
  ReUnionModel:
    :path: ReUnionModel.podspec

SPEC CHECKSUMS:
  ModelTransformer: f2ae1f70d85e903a91735d3aca5d616c481e1bc1
  ResourceMapper: fb6f225940aa73b19173dd2aa4cc5c93a3670bea
  ReUnionModel: 7f199283363af3662b2229461d17d13bc8dbd1b0

COCOAPODS: 0.29.0
